
Microsoft Visual Studio Solution File, Format Version 12.00
# Visual Studio Version 16
VisualStudioVersion = 16.0.29503.13
MinimumVisualStudioVersion = 10.0.40219.1
Project("{FAE04EC0-301F-11D3-BF4B-00C04F79EFBC}") = "App_github", "App_github\App_github.csproj", "{E804C8CF-5A4C-4F5B-BB6C-DFAF3FB29D4F}"
EndProject
Global
	GlobalSection(SolutionConfigurationPlatforms) = preSolution
		Debug|Any CPU = Debug|Any CPU
		Release|Any CPU = Release|Any CPU
	EndGlobalSection
	GlobalSection(ProjectConfigurationPlatforms) = postSolution
		{E804C8CF-5A4C-4F5B-BB6C-DFAF3FB29D4F}.Debug|Any CPU.ActiveCfg = Debug|Any CPU
		{E804C8CF-5A4C-4F5B-BB6C-DFAF3FB29D4F}.Debug|Any CPU.Build.0 = Debug|Any CPU
		{E804C8CF-5A4C-4F5B-BB6C-DFAF3FB29D4F}.Release|Any CPU.ActiveCfg = Release|Any CPU
		{E804C8CF-5A4C-4F5B-BB6C-DFAF3FB29D4F}.Release|Any CPU.Build.0 = Release|Any CPU
	EndGlobalSection
	GlobalSection(SolutionProperties) = preSolution
		HideSolutionNode = FALSE
	EndGlobalSection
	GlobalSection(ExtensibilityGlobals) = postSolution
		SolutionGuid = {9C891387-FA9B-42D5-8571-FA6F27C61D86}
	EndGlobalSection
EndGlobal
